
Microsoft Visual Studio Solution File, Format Version 12.00
# Visual Studio 15
VisualStudioVersion = 15.0.27703.2018
MinimumVisualStudioVersion = 10.0.40219.1
Project("{FAE04EC0-301F-11D3-BF4B-00C04F79EFBC}") = "Lunch", "Lunch\Lunch.csproj", "{29266A8C-C4D6-4545-A0A0-F993916799DB}"
EndProject
Global
	GlobalSection(SolutionConfigurationPlatforms) = preSolution
		Debug|Any CPU = Debug|Any CPU
		Release|Any CPU = Release|Any CPU
	EndGlobalSection
	GlobalSection(ProjectConfigurationPlatforms) = postSolution
		{29266A8C-C4D6-4545-A0A0-F993916799DB}.Debug|Any CPU.ActiveCfg = Debug|Any CPU
		{29266A8C-C4D6-4545-A0A0-F993916799DB}.Debug|Any CPU.Build.0 = Debug|Any CPU
		{29266A8C-C4D6-4545-A0A0-F993916799DB}.Release|Any CPU.ActiveCfg = Release|Any CPU
		{29266A8C-C4D6-4545-A0A0-F993916799DB}.Release|Any CPU.Build.0 = Release|Any CPU
	EndGlobalSection
	GlobalSection(SolutionProperties) = preSolution
		HideSolutionNode = FALSE
	EndGlobalSection
	GlobalSection(ExtensibilityGlobals) = postSolution
		SolutionGuid = {F836F8B4-E61E-4795-BCAA-8B33C00EBDE1}
	EndGlobalSection
EndGlobal
